// !$*UTF8*$!
{
	archiveVersion = 1;
	classes = {
	};
	objectVersion = 56;
	objects = {

/* Begin PBXBuildFile section */
		87A931DE295AD9FA005ECD90 /* AppDelegate.swift in Sources */ = {isa = PBXBuildFile; fileRef = 87A931DD295AD9FA005ECD90 /* AppDelegate.swift */; };
		87A931E0295AD9FA005ECD90 /* SceneDelegate.swift in Sources */ = {isa = PBXBuildFile; fileRef = 87A931DF295AD9FA005ECD90 /* SceneDelegate.swift */; };
		87A931E2295AD9FA005ECD90 /* ViewController.swift in Sources */ = {isa = PBXBuildFile; fileRef = 87A931E1295AD9FA005ECD90 /* ViewController.swift */; };
		87A931E5295AD9FA005ECD90 /* Main.storyboard in Resources */ = {isa = PBXBuildFile; fileRef = 87A931E3295AD9FA005ECD90 /* Main.storyboard */; };
		87A931E7295AD9FB005ECD90 /* Assets.xcassets in Resources */ = {isa = PBXBuildFile; fileRef = 87A931E6295AD9FB005ECD90 /* Assets.xcassets */; };
		87A931EA295AD9FB005ECD90 /* LaunchScreen.storyboard in Resources */ = {isa = PBXBuildFile; fileRef = 87A931E8295AD9FB005ECD90 /* LaunchScreen.storyboard */; };
		87A931F5295AD9FB005ECD90 /* SwiftlintBuildPhaseTests.swift in Sources */ = {isa = PBXBuildFile; fileRef = 87A931F4295AD9FB005ECD90 /* SwiftlintBuildPhaseTests.swift */; };
		87A931FF295AD9FB005ECD90 /* SwiftlintBuildPhaseUITests.swift in Sources */ = {isa = PBXBuildFile; fileRef = 87A931FE295AD9FB005ECD90 /* SwiftlintBuildPhaseUITests.swift */; };
		87A93201295AD9FB005ECD90 /* SwiftlintBuildPhaseUITestsLaunchTests.swift in Sources */ = {isa = PBXBuildFile; fileRef = 87A93200295AD9FB005ECD90 /* SwiftlintBuildPhaseUITestsLaunchTests.swift */; };
/* End PBXBuildFile section */

/* Begin PBXContainerItemProxy section */
		87A931F1295AD9FB005ECD90 /* PBXContainerItemProxy */ = {
			isa = PBXContainerItemProxy;
			containerPortal = 87A931D2295AD9FA005ECD90 /* Project object */;
			proxyType = 1;
			remoteGlobalIDString = 87A931D9295AD9FA005ECD90;
			remoteInfo = SwiftlintBuildPhase;
		};
		87A931FB295AD9FB005ECD90 /* PBXContainerItemProxy */ = {
			isa = PBXContainerItemProxy;
			containerPortal = 87A931D2295AD9FA005ECD90 /* Project object */;
			proxyType = 1;
			remoteGlobalIDString = 87A931D9295AD9FA005ECD90;
			remoteInfo = SwiftlintBuildPhase;
		};
/* End PBXContainerItemProxy section */

/* Begin PBXFileReference section */
		87A931DA295AD9FA005ECD90 /* SwiftlintBuildPhase.app */ = {isa = PBXFileReference; explicitFileType = wrapper.application; includeInIndex = 0; path = SwiftlintBuildPhase.app; sourceTree = BUILT_PRODUCTS_DIR; };
		87A931DD295AD9FA005ECD90 /* AppDelegate.swift */ = {isa = PBXFileReference; lastKnownFileType = sourcecode.swift; path = AppDelegate.swift; sourceTree = "<group>"; };
		87A931DF295AD9FA005ECD90 /* SceneDelegate.swift */ = {isa = PBXFileReference; lastKnownFileType = sourcecode.swift; path = SceneDelegate.swift; sourceTree = "<group>"; };
		87A931E1295AD9FA005ECD90 /* ViewController.swift */ = {isa = PBXFileReference; lastKnownFileType = sourcecode.swift; path = ViewController.swift; sourceTree = "<group>"; };
		87A931E4295AD9FA005ECD90 /* Base */ = {isa = PBXFileReference; lastKnownFileType = file.storyboard; name = Base; path = Base.lproj/Main.storyboard; sourceTree = "<group>"; };
		87A931E6295AD9FB005ECD90 /* Assets.xcassets */ = {isa = PBXFileReference; lastKnownFileType = folder.assetcatalog; path = Assets.xcassets; sourceTree = "<group>"; };
		87A931E9295AD9FB005ECD90 /* Base */ = {isa = PBXFileReference; lastKnownFileType = file.storyboard; name = Base; path = Base.lproj/LaunchScreen.storyboard; sourceTree = "<group>"; };
		87A931EB295AD9FB005ECD90 /* Info.plist */ = {isa = PBXFileReference; lastKnownFileType = text.plist.xml; path = Info.plist; sourceTree = "<group>"; };
		87A931F0295AD9FB005ECD90 /* SwiftlintBuildPhaseTests.xctest */ = {isa = PBXFileReference; explicitFileType = wrapper.cfbundle; includeInIndex = 0; path = SwiftlintBuildPhaseTests.xctest; sourceTree = BUILT_PRODUCTS_DIR; };
		87A931F4295AD9FB005ECD90 /* SwiftlintBuildPhaseTests.swift */ = {isa = PBXFileReference; lastKnownFileType = sourcecode.swift; path = SwiftlintBuildPhaseTests.swift; sourceTree = "<group>"; };
		87A931FA295AD9FB005ECD90 /* SwiftlintBuildPhaseUITests.xctest */ = {isa = PBXFileReference; explicitFileType = wrapper.cfbundle; includeInIndex = 0; path = SwiftlintBuildPhaseUITests.xctest; sourceTree = BUILT_PRODUCTS_DIR; };
		87A931FE295AD9FB005ECD90 /* SwiftlintBuildPhaseUITests.swift */ = {isa = PBXFileReference; lastKnownFileType = sourcecode.swift; path = SwiftlintBuildPhaseUITests.swift; sourceTree = "<group>"; };
		87A93200295AD9FB005ECD90 /* SwiftlintBuildPhaseUITestsLaunchTests.swift */ = {isa = PBXFileReference; lastKnownFileType = sourcecode.swift; path = SwiftlintBuildPhaseUITestsLaunchTests.swift; sourceTree = "<group>"; };
/* End PBXFileReference section */

/* Begin PBXFrameworksBuildPhase section */
		87A931D7295AD9FA005ECD90 /* Frameworks */ = {
			isa = PBXFrameworksBuildPhase;
			buildActionMask = 2147483647;
			files = (
			);
			runOnlyForDeploymentPostprocessing = 0;
		};
		87A931ED295AD9FB005ECD90 /* Frameworks */ = {
			isa = PBXFrameworksBuildPhase;
			buildActionMask = 2147483647;
			files = (
			);
			runOnlyForDeploymentPostprocessing = 0;
		};
		87A931F7295AD9FB005ECD90 /* Frameworks */ = {
			isa = PBXFrameworksBuildPhase;
			buildActionMask = 2147483647;
			files = (
			);
			runOnlyForDeploymentPostprocessing = 0;
		};
/* End PBXFrameworksBuildPhase section */

/* Begin PBXGroup section */
		87A931D1295AD9FA005ECD90 = {
			isa = PBXGroup;
			children = (
				87A931DC295AD9FA005ECD90 /* SwiftlintBuildPhase */,
				87A931F3295AD9FB005ECD90 /* SwiftlintBuildPhaseTests */,
				87A931FD295AD9FB005ECD90 /* SwiftlintBuildPhaseUITests */,
				87A931DB295AD9FA005ECD90 /* Products */,
			);
			sourceTree = "<group>";
		};
		87A931DB295AD9FA005ECD90 /* Products */ = {
			isa = PBXGroup;
			children = (
				87A931DA295AD9FA005ECD90 /* SwiftlintBuildPhase.app */,
				87A931F0295AD9FB005ECD90 /* SwiftlintBuildPhaseTests.xctest */,
				87A931FA295AD9FB005ECD90 /* SwiftlintBuildPhaseUITests.xctest */,
			);
			name = Products;
			sourceTree = "<group>";
		};
		87A931DC295AD9FA005ECD90 /* SwiftlintBuildPhase */ = {
			isa = PBXGroup;
			children = (
				87A931DD295AD9FA005ECD90 /* AppDelegate.swift */,
				87A931DF295AD9FA005ECD90 /* SceneDelegate.swift */,
				87A931E1295AD9FA005ECD90 /* ViewController.swift */,
				87A931E3295AD9FA005ECD90 /* Main.storyboard */,
				87A931E6295AD9FB005ECD90 /* Assets.xcassets */,
				87A931E8295AD9FB005ECD90 /* LaunchScreen.storyboard */,
				87A931EB295AD9FB005ECD90 /* Info.plist */,
			);
			path = SwiftlintBuildPhase;
			sourceTree = "<group>";
		};
		87A931F3295AD9FB005ECD90 /* SwiftlintBuildPhaseTests */ = {
			isa = PBXGroup;
			children = (
				87A931F4295AD9FB005ECD90 /* SwiftlintBuildPhaseTests.swift */,
			);
			path = SwiftlintBuildPhaseTests;
			sourceTree = "<group>";
		};
		87A931FD295AD9FB005ECD90 /* SwiftlintBuildPhaseUITests */ = {
			isa = PBXGroup;
			children = (
				87A931FE295AD9FB005ECD90 /* SwiftlintBuildPhaseUITests.swift */,
				87A93200295AD9FB005ECD90 /* SwiftlintBuildPhaseUITestsLaunchTests.swift */,
			);
			path = SwiftlintBuildPhaseUITests;
			sourceTree = "<group>";
		};
/* End PBXGroup section */

/* Begin PBXNativeTarget section */
		87A931D9295AD9FA005ECD90 /* SwiftlintBuildPhase */ = {
			isa = PBXNativeTarget;
			buildConfigurationList = 87A93204295AD9FB005ECD90 /* Build configuration list for PBXNativeTarget "SwiftlintBuildPhase" */;
			buildPhases = (
				87A931D6295AD9FA005ECD90 /* Sources */,
				87A931D7295AD9FA005ECD90 /* Frameworks */,
				87A931D8295AD9FA005ECD90 /* Resources */,
			);
			buildRules = (
			);
			dependencies = (
			);
			name = SwiftlintBuildPhase;
			productName = SwiftlintBuildPhase;
			productReference = 87A931DA295AD9FA005ECD90 /* SwiftlintBuildPhase.app */;
			productType = "com.apple.product-type.application";
		};
		87A931EF295AD9FB005ECD90 /* SwiftlintBuildPhaseTests */ = {
			isa = PBXNativeTarget;
			buildConfigurationList = 87A93207295AD9FB005ECD90 /* Build configuration list for PBXNativeTarget "SwiftlintBuildPhaseTests" */;
			buildPhases = (
				87A931EC295AD9FB005ECD90 /* Sources */,
				87A931ED295AD9FB005ECD90 /* Frameworks */,
				87A931EE295AD9FB005ECD90 /* Resources */,
			);
			buildRules = (
			);
			dependencies = (
				87A931F2295AD9FB005ECD90 /* PBXTargetDependency */,
			);
			name = SwiftlintBuildPhaseTests;
			productName = SwiftlintBuildPhaseTests;
			productReference = 87A931F0295AD9FB005ECD90 /* SwiftlintBuildPhaseTests.xctest */;
			productType = "com.apple.product-type.bundle.unit-test";
		};
		87A931F9295AD9FB005ECD90 /* SwiftlintBuildPhaseUITests */ = {
			isa = PBXNativeTarget;
			buildConfigurationList = 87A9320A295AD9FB005ECD90 /* Build configuration list for PBXNativeTarget "SwiftlintBuildPhaseUITests" */;
			buildPhases = (
				87A931F6295AD9FB005ECD90 /* Sources */,
				87A931F7295AD9FB005ECD90 /* Frameworks */,
				87A931F8295AD9FB005ECD90 /* Resources */,
			);
			buildRules = (
			);
			dependencies = (
				87A931FC295AD9FB005ECD90 /* PBXTargetDependency */,
			);
			name = SwiftlintBuildPhaseUITests;
			productName = SwiftlintBuildPhaseUITests;
			productReference = 87A931FA295AD9FB005ECD90 /* SwiftlintBuildPhaseUITests.xctest */;
			productType = "com.apple.product-type.bundle.ui-testing";
		};
/* End PBXNativeTarget section */

/* Begin PBXProject section */
		87A931D2295AD9FA005ECD90 /* Project object */ = {
			isa = PBXProject;
			attributes = {
				BuildIndependentTargetsInParallel = 1;
				LastSwiftUpdateCheck = 1420;
				LastUpgradeCheck = 1420;
				TargetAttributes = {
					87A931D9295AD9FA005ECD90 = {
						CreatedOnToolsVersion = 14.2;
					};
					87A931EF295AD9FB005ECD90 = {
						CreatedOnToolsVersion = 14.2;
						TestTargetID = 87A931D9295AD9FA005ECD90;
					};
					87A931F9295AD9FB005ECD90 = {
						CreatedOnToolsVersion = 14.2;
						TestTargetID = 87A931D9295AD9FA005ECD90;
					};
				};
			};
			buildConfigurationList = 87A931D5295AD9FA005ECD90 /* Build configuration list for PBXProject "SwiftlintBuildPhase" */;
			compatibilityVersion = "Xcode 14.0";
			developmentRegion = en;
			hasScannedForEncodings = 0;
			knownRegions = (
				en,
				Base,
			);
			mainGroup = 87A931D1295AD9FA005ECD90;
			productRefGroup = 87A931DB295AD9FA005ECD90 /* Products */;
			projectDirPath = "";
			projectRoot = "";
			targets = (
				87A931D9295AD9FA005ECD90 /* SwiftlintBuildPhase */,
				87A931EF295AD9FB005ECD90 /* SwiftlintBuildPhaseTests */,
				87A931F9295AD9FB005ECD90 /* SwiftlintBuildPhaseUITests */,
			);
		};
/* End PBXProject section */

/* Begin PBXResourcesBuildPhase section */
		87A931D8295AD9FA005ECD90 /* Resources */ = {
			isa = PBXResourcesBuildPhase;
			buildActionMask = 2147483647;
			files = (
				87A931EA295AD9FB005ECD90 /* LaunchScreen.storyboard in Resources */,
				87A931E7295AD9FB005ECD90 /* Assets.xcassets in Resources */,
				87A931E5295AD9FA005ECD90 /* Main.storyboard in Resources */,
			);
			runOnlyForDeploymentPostprocessing = 0;
		};
		87A931EE295AD9FB005ECD90 /* Resources */ = {
			isa = PBXResourcesBuildPhase;
			buildActionMask = 2147483647;
			files = (
			);
			runOnlyForDeploymentPostprocessing = 0;
		};
		87A931F8295AD9FB005ECD90 /* Resources */ = {
			isa = PBXResourcesBuildPhase;
			buildActionMask = 2147483647;
			files = (
			);
			runOnlyForDeploymentPostprocessing = 0;
		};
/* End PBXResourcesBuildPhase section */

/* Begin PBXSourcesBuildPhase section */
		87A931D6295AD9FA005ECD90 /* Sources */ = {
			isa = PBXSourcesBuildPhase;
			buildActionMask = 2147483647;
			files = (
				87A931E2295AD9FA005ECD90 /* ViewController.swift in Sources */,
				87A931DE295AD9FA005ECD90 /* AppDelegate.swift in Sources */,
				87A931E0295AD9FA005ECD90 /* SceneDelegate.swift in Sources */,
			);
			runOnlyForDeploymentPostprocessing = 0;
		};
		87A931EC295AD9FB005ECD90 /* Sources */ = {
			isa = PBXSourcesBuildPhase;
			buildActionMask = 2147483647;
			files = (
				87A931F5295AD9FB005ECD90 /* SwiftlintBuildPhaseTests.swift in Sources */,
			);
			runOnlyForDeploymentPostprocessing = 0;
		};
		87A931F6295AD9FB005ECD90 /* Sources */ = {
			isa = PBXSourcesBuildPhase;
			buildActionMask = 2147483647;
			files = (
				87A93201295AD9FB005ECD90 /* SwiftlintBuildPhaseUITestsLaunchTests.swift in Sources */,
				87A931FF295AD9FB005ECD90 /* SwiftlintBuildPhaseUITests.swift in Sources */,
			);
			runOnlyForDeploymentPostprocessing = 0;
		};
/* End PBXSourcesBuildPhase section */

/* Begin PBXTargetDependency section */
		87A931F2295AD9FB005ECD90 /* PBXTargetDependency */ = {
			isa = PBXTargetDependency;
			target = 87A931D9295AD9FA005ECD90 /* SwiftlintBuildPhase */;
			targetProxy = 87A931F1295AD9FB005ECD90 /* PBXContainerItemProxy */;
		};
		87A931FC295AD9FB005ECD90 /* PBXTargetDependency */ = {
			isa = PBXTargetDependency;
			target = 87A931D9295AD9FA005ECD90 /* SwiftlintBuildPhase */;
			targetProxy = 87A931FB295AD9FB005ECD90 /* PBXContainerItemProxy */;
		};
/* End PBXTargetDependency section */

/* Begin PBXVariantGroup section */
		87A931E3295AD9FA005ECD90 /* Main.storyboard */ = {
			isa = PBXVariantGroup;
			children = (
				87A931E4295AD9FA005ECD90 /* Base */,
			);
			name = Main.storyboard;
			sourceTree = "<group>";
		};
		87A931E8295AD9FB005ECD90 /* LaunchScreen.storyboard */ = {
			isa = PBXVariantGroup;
			children = (
				87A931E9295AD9FB005ECD90 /* Base */,
			);
			name = LaunchScreen.storyboard;
			sourceTree = "<group>";
		};
/* End PBXVariantGroup section */

/* Begin XCBuildConfiguration section */
		87A93202295AD9FB005ECD90 /* Debug */ = {
			isa = XCBuildConfiguration;
			buildSettings = {
				ALWAYS_SEARCH_USER_PATHS = NO;
				CLANG_ANALYZER_NONNULL = YES;
				CLANG_ANALYZER_NUMBER_OBJECT_CONVERSION = YES_AGGRESSIVE;
				CLANG_CXX_LANGUAGE_STANDARD = "gnu++20";
				CLANG_ENABLE_MODULES = YES;
				CLANG_ENABLE_OBJC_ARC = YES;
				CLANG_ENABLE_OBJC_WEAK = YES;
				CLANG_WARN_BLOCK_CAPTURE_AUTORELEASING = YES;
				CLANG_WARN_BOOL_CONVERSION = YES;
				CLANG_WARN_COMMA = YES;
				CLANG_WARN_CONSTANT_CONVERSION = YES;
				CLANG_WARN_DEPRECATED_OBJC_IMPLEMENTATIONS = YES;
				CLANG_WARN_DIRECT_OBJC_ISA_USAGE = YES_ERROR;
				CLANG_WARN_DOCUMENTATION_COMMENTS = YES;
				CLANG_WARN_EMPTY_BODY = YES;
				CLANG_WARN_ENUM_CONVERSION = YES;
				CLANG_WARN_INFINITE_RECURSION = YES;
				CLANG_WARN_INT_CONVERSION = YES;
				CLANG_WARN_NON_LITERAL_NULL_CONVERSION = YES;
				CLANG_WARN_OBJC_IMPLICIT_RETAIN_SELF = YES;
				CLANG_WARN_OBJC_LITERAL_CONVERSION = YES;
				CLANG_WARN_OBJC_ROOT_CLASS = YES_ERROR;
				CLANG_WARN_QUOTED_INCLUDE_IN_FRAMEWORK_HEADER = YES;
				CLANG_WARN_RANGE_LOOP_ANALYSIS = YES;
				CLANG_WARN_STRICT_PROTOTYPES = YES;
				CLANG_WARN_SUSPICIOUS_MOVE = YES;
				CLANG_WARN_UNGUARDED_AVAILABILITY = YES_AGGRESSIVE;
				CLANG_WARN_UNREACHABLE_CODE = YES;
				CLANG_WARN__DUPLICATE_METHOD_MATCH = YES;
				COPY_PHASE_STRIP = NO;
				DEBUG_INFORMATION_FORMAT = dwarf;
				ENABLE_STRICT_OBJC_MSGSEND = YES;
				ENABLE_TESTABILITY = YES;
				GCC_C_LANGUAGE_STANDARD = gnu11;
				GCC_DYNAMIC_NO_PIC = NO;
				GCC_NO_COMMON_BLOCKS = YES;
				GCC_OPTIMIZATION_LEVEL = 0;
				GCC_PREPROCESSOR_DEFINITIONS = (
					"DEBUG=1",
					"$(inherited)",
				);
				GCC_WARN_64_TO_32_BIT_CONVERSION = YES;
				GCC_WARN_ABOUT_RETURN_TYPE = YES_ERROR;
				GCC_WARN_UNDECLARED_SELECTOR = YES;
				GCC_WARN_UNINITIALIZED_AUTOS = YES_AGGRESSIVE;
				GCC_WARN_UNUSED_FUNCTION = YES;
				GCC_WARN_UNUSED_VARIABLE = YES;
				IPHONEOS_DEPLOYMENT_TARGET = 16.2;
				MTL_ENABLE_DEBUG_INFO = INCLUDE_SOURCE;
				MTL_FAST_MATH = YES;
				ONLY_ACTIVE_ARCH = YES;
				SDKROOT = iphoneos;
				SWIFT_ACTIVE_COMPILATION_CONDITIONS = DEBUG;
				SWIFT_OPTIMIZATION_LEVEL = "-Onone";
			};
			name = Debug;
		};
		87A93203295AD9FB005ECD90 /* Release */ = {
			isa = XCBuildConfiguration;
			buildSettings = {
				ALWAYS_SEARCH_USER_PATHS = NO;
				CLANG_ANALYZER_NONNULL = YES;
				CLANG_ANALYZER_NUMBER_OBJECT_CONVERSION = YES_AGGRESSIVE;
				CLANG_CXX_LANGUAGE_STANDARD = "gnu++20";
				CLANG_ENABLE_MODULES = YES;
				CLANG_ENABLE_OBJC_ARC = YES;
				CLANG_ENABLE_OBJC_WEAK = YES;
				CLANG_WARN_BLOCK_CAPTURE_AUTORELEASING = YES;
				CLANG_WARN_BOOL_CONVERSION = YES;
				CLANG_WARN_COMMA = YES;
				CLANG_WARN_CONSTANT_CONVERSION = YES;
				CLANG_WARN_DEPRECATED_OBJC_IMPLEMENTATIONS = YES;
				CLANG_WARN_DIRECT_OBJC_ISA_USAGE = YES_ERROR;
				CLANG_WARN_DOCUMENTATION_COMMENTS = YES;
				CLANG_WARN_EMPTY_BODY = YES;
				CLANG_WARN_ENUM_CONVERSION = YES;
				CLANG_WARN_INFINITE_RECURSION = YES;
				CLANG_WARN_INT_CONVERSION = YES;
				CLANG_WARN_NON_LITERAL_NULL_CONVERSION = YES;
				CLANG_WARN_OBJC_IMPLICIT_RETAIN_SELF = YES;
				CLANG_WARN_OBJC_LITERAL_CONVERSION = YES;
				CLANG_WARN_OBJC_ROOT_CLASS = YES_ERROR;
				CLANG_WARN_QUOTED_INCLUDE_IN_FRAMEWORK_HEADER = YES;
				CLANG_WARN_RANGE_LOOP_ANALYSIS = YES;
				CLANG_WARN_STRICT_PROTOTYPES = YES;
				CLANG_WARN_SUSPICIOUS_MOVE = YES;
				CLANG_WARN_UNGUARDED_AVAILABILITY = YES_AGGRESSIVE;
				CLANG_WARN_UNREACHABLE_CODE = YES;
				CLANG_WARN__DUPLICATE_METHOD_MATCH = YES;
				COPY_PHASE_STRIP = NO;
				DEBUG_INFORMATION_FORMAT = "dwarf-with-dsym";
				ENABLE_NS_ASSERTIONS = NO;
				ENABLE_STRICT_OBJC_MSGSEND = YES;
				GCC_C_LANGUAGE_STANDARD = gnu11;
				GCC_NO_COMMON_BLOCKS = YES;
				GCC_WARN_64_TO_32_BIT_CONVERSION = YES;
				GCC_WARN_ABOUT_RETURN_TYPE = YES_ERROR;
				GCC_WARN_UNDECLARED_SELECTOR = YES;
				GCC_WARN_UNINITIALIZED_AUTOS = YES_AGGRESSIVE;
				GCC_WARN_UNUSED_FUNCTION = YES;
				GCC_WARN_UNUSED_VARIABLE = YES;
				IPHONEOS_DEPLOYMENT_TARGET = 16.2;
				MTL_ENABLE_DEBUG_INFO = NO;
				MTL_FAST_MATH = YES;
				SDKROOT = iphoneos;
				SWIFT_COMPILATION_MODE = wholemodule;
				SWIFT_OPTIMIZATION_LEVEL = "-O";
				VALIDATE_PRODUCT = YES;
			};
			name = Release;
		};
		87A93205295AD9FB005ECD90 /* Debug */ = {
			isa = XCBuildConfiguration;
			buildSettings = {
				ASSETCATALOG_COMPILER_APPICON_NAME = AppIcon;
				ASSETCATALOG_COMPILER_GLOBAL_ACCENT_COLOR_NAME = AccentColor;
				CODE_SIGN_STYLE = Automatic;
				CURRENT_PROJECT_VERSION = 1;
				GENERATE_INFOPLIST_FILE = YES;
				INFOPLIST_FILE = SwiftlintBuildPhase/Info.plist;
				INFOPLIST_KEY_UIApplicationSupportsIndirectInputEvents = YES;
				INFOPLIST_KEY_UILaunchStoryboardName = LaunchScreen;
				INFOPLIST_KEY_UIMainStoryboardFile = Main;
				INFOPLIST_KEY_UISupportedInterfaceOrientations_iPad = "UIInterfaceOrientationPortrait UIInterfaceOrientationPortraitUpsideDown UIInterfaceOrientationLandscapeLeft UIInterfaceOrientationLandscapeRight";
				INFOPLIST_KEY_UISupportedInterfaceOrientations_iPhone = "UIInterfaceOrientationPortrait UIInterfaceOrientationLandscapeLeft UIInterfaceOrientationLandscapeRight";
				LD_RUNPATH_SEARCH_PATHS = (
					"$(inherited)",
					"@executable_path/Frameworks",
				);
				MARKETING_VERSION = 1.0;
				PRODUCT_BUNDLE_IDENTIFIER = none.SwiftlintBuildPhase;
				PRODUCT_NAME = "$(TARGET_NAME)";
				SWIFT_EMIT_LOC_STRINGS = YES;
				SWIFT_VERSION = 5.0;
				TARGETED_DEVICE_FAMILY = "1,2";
			};
			name = Debug;
		};
		87A93206295AD9FB005ECD90 /* Release */ = {
			isa = XCBuildConfiguration;
			buildSettings = {
				ASSETCATALOG_COMPILER_APPICON_NAME = AppIcon;
				ASSETCATALOG_COMPILER_GLOBAL_ACCENT_COLOR_NAME = AccentColor;
				CODE_SIGN_STYLE = Automatic;
				CURRENT_PROJECT_VERSION = 1;
				GENERATE_INFOPLIST_FILE = YES;
				INFOPLIST_FILE = SwiftlintBuildPhase/Info.plist;
				INFOPLIST_KEY_UIApplicationSupportsIndirectInputEvents = YES;
				INFOPLIST_KEY_UILaunchStoryboardName = LaunchScreen;
				INFOPLIST_KEY_UIMainStoryboardFile = Main;
				INFOPLIST_KEY_UISupportedInterfaceOrientations_iPad = "UIInterfaceOrientationPortrait UIInterfaceOrientationPortraitUpsideDown UIInterfaceOrientationLandscapeLeft UIInterfaceOrientationLandscapeRight";
				INFOPLIST_KEY_UISupportedInterfaceOrientations_iPhone = "UIInterfaceOrientationPortrait UIInterfaceOrientationLandscapeLeft UIInterfaceOrientationLandscapeRight";
				LD_RUNPATH_SEARCH_PATHS = (
					"$(inherited)",
					"@executable_path/Frameworks",
				);
				MARKETING_VERSION = 1.0;
				PRODUCT_BUNDLE_IDENTIFIER = none.SwiftlintBuildPhase;
				PRODUCT_NAME = "$(TARGET_NAME)";
				SWIFT_EMIT_LOC_STRINGS = YES;
				SWIFT_VERSION = 5.0;
				TARGETED_DEVICE_FAMILY = "1,2";
			};
			name = Release;
		};
		87A93208295AD9FB005ECD90 /* Debug */ = {
			isa = XCBuildConfiguration;
			buildSettings = {
				ALWAYS_EMBED_SWIFT_STANDARD_LIBRARIES = YES;
				BUNDLE_LOADER = "$(TEST_HOST)";
				CODE_SIGN_STYLE = Automatic;
				CURRENT_PROJECT_VERSION = 1;
				GENERATE_INFOPLIST_FILE = YES;
				IPHONEOS_DEPLOYMENT_TARGET = 16.2;
				MARKETING_VERSION = 1.0;
				PRODUCT_BUNDLE_IDENTIFIER = none.SwiftlintBuildPhaseTests;
				PRODUCT_NAME = "$(TARGET_NAME)";
				SWIFT_EMIT_LOC_STRINGS = NO;
				SWIFT_VERSION = 5.0;
				TARGETED_DEVICE_FAMILY = "1,2";
				TEST_HOST = "$(BUILT_PRODUCTS_DIR)/SwiftlintBuildPhase.app/$(BUNDLE_EXECUTABLE_FOLDER_PATH)/SwiftlintBuildPhase";
			};
			name = Debug;
		};
		87A93209295AD9FB005ECD90 /* Release */ = {
			isa = XCBuildConfiguration;
			buildSettings = {
				ALWAYS_EMBED_SWIFT_STANDARD_LIBRARIES = YES;
				BUNDLE_LOADER = "$(TEST_HOST)";
				CODE_SIGN_STYLE = Automatic;
				CURRENT_PROJECT_VERSION = 1;
				GENERATE_INFOPLIST_FILE = YES;
				IPHONEOS_DEPLOYMENT_TARGET = 16.2;
				MARKETING_VERSION = 1.0;
				PRODUCT_BUNDLE_IDENTIFIER = none.SwiftlintBuildPhaseTests;
				PRODUCT_NAME = "$(TARGET_NAME)";
				SWIFT_EMIT_LOC_STRINGS = NO;
				SWIFT_VERSION = 5.0;
				TARGETED_DEVICE_FAMILY = "1,2";
				TEST_HOST = "$(BUILT_PRODUCTS_DIR)/SwiftlintBuildPhase.app/$(BUNDLE_EXECUTABLE_FOLDER_PATH)/SwiftlintBuildPhase";
			};
			name = Release;
		};
		87A9320B295AD9FB005ECD90 /* Debug */ = {
			isa = XCBuildConfiguration;
			buildSettings = {
				ALWAYS_EMBED_SWIFT_STANDARD_LIBRARIES = YES;
				CODE_SIGN_STYLE = Automatic;
				CURRENT_PROJECT_VERSION = 1;
				GENERATE_INFOPLIST_FILE = YES;
				MARKETING_VERSION = 1.0;
				PRODUCT_BUNDLE_IDENTIFIER = none.SwiftlintBuildPhaseUITests;
				PRODUCT_NAME = "$(TARGET_NAME)";
				SWIFT_EMIT_LOC_STRINGS = NO;
				SWIFT_VERSION = 5.0;
				TARGETED_DEVICE_FAMILY = "1,2";
				TEST_TARGET_NAME = SwiftlintBuildPhase;
			};
			name = Debug;
		};
		87A9320C295AD9FB005ECD90 /* Release */ = {
			isa = XCBuildConfiguration;
			buildSettings = {
				ALWAYS_EMBED_SWIFT_STANDARD_LIBRARIES = YES;
				CODE_SIGN_STYLE = Automatic;
				CURRENT_PROJECT_VERSION = 1;
				GENERATE_INFOPLIST_FILE = YES;
				MARKETING_VERSION = 1.0;
				PRODUCT_BUNDLE_IDENTIFIER = none.SwiftlintBuildPhaseUITests;
				PRODUCT_NAME = "$(TARGET_NAME)";
				SWIFT_EMIT_LOC_STRINGS = NO;
				SWIFT_VERSION = 5.0;
				TARGETED_DEVICE_FAMILY = "1,2";
				TEST_TARGET_NAME = SwiftlintBuildPhase;
			};
			name = Release;
		};
/* End XCBuildConfiguration section */

/* Begin XCConfigurationList section */
		87A931D5295AD9FA005ECD90 /* Build configuration list for PBXProject "SwiftlintBuildPhase" */ = {
			isa = XCConfigurationList;
			buildConfigurations = (
				87A93202295AD9FB005ECD90 /* Debug */,
				87A93203295AD9FB005ECD90 /* Release */,
			);
			defaultConfigurationIsVisible = 0;
			defaultConfigurationName = Release;
		};
		87A93204295AD9FB005ECD90 /* Build configuration list for PBXNativeTarget "SwiftlintBuildPhase" */ = {
			isa = XCConfigurationList;
			buildConfigurations = (
				87A93205295AD9FB005ECD90 /* Debug */,
				87A93206295AD9FB005ECD90 /* Release */,
			);
			defaultConfigurationIsVisible = 0;
			defaultConfigurationName = Release;
		};
		87A93207295AD9FB005ECD90 /* Build configuration list for PBXNativeTarget "SwiftlintBuildPhaseTests" */ = {
			isa = XCConfigurationList;
			buildConfigurations = (
				87A93208295AD9FB005ECD90 /* Debug */,
				87A93209295AD9FB005ECD90 /* Release */,
			);
			defaultConfigurationIsVisible = 0;
			defaultConfigurationName = Release;
		};
		87A9320A295AD9FB005ECD90 /* Build configuration list for PBXNativeTarget "SwiftlintBuildPhaseUITests" */ = {
			isa = XCConfigurationList;
			buildConfigurations = (
				87A9320B295AD9FB005ECD90 /* Debug */,
				87A9320C295AD9FB005ECD90 /* Release */,
			);
			defaultConfigurationIsVisible = 0;
			defaultConfigurationName = Release;
		};
/* End XCConfigurationList section */
	};
	rootObject = 87A931D2295AD9FA005ECD90 /* Project object */;
}
